// !$*UTF8*$!
{
	archiveVersion = 1;
	classes = {
	};
	objectVersion = 56;
	objects = {

/* Begin PBXBuildFile section */
		D000B16A2C34532B000F70F3 /* NetworkService.swift in Sources */ = {isa = PBXBuildFile; fileRef = D000B1692C34532B000F70F3 /* NetworkService.swift */; };
		D000B16C2C345481000F70F3 /* ResponseModel.swift in Sources */ = {isa = PBXBuildFile; fileRef = D000B16B2C345481000F70F3 /* ResponseModel.swift */; };
		D01142482C333B1600B8587B /* MovieCollectionViewCell.swift in Sources */ = {isa = PBXBuildFile; fileRef = D01142472C333B1600B8587B /* MovieCollectionViewCell.swift */; };
		D011424A2C333C7B00B8587B /* PageTitle.swift in Sources */ = {isa = PBXBuildFile; fileRef = D01142492C333C7B00B8587B /* PageTitle.swift */; };
		D02E23952C3949810054BFB3 /* SearchBar.swift in Sources */ = {isa = PBXBuildFile; fileRef = D02E23942C3949810054BFB3 /* SearchBar.swift */; };
		D02E23982C395BF50054BFB3 /* Debouncer.swift in Sources */ = {isa = PBXBuildFile; fileRef = D02E23972C395BF50054BFB3 /* Debouncer.swift */; };
		D02E239B2C395E770054BFB3 /* Extensions.swift in Sources */ = {isa = PBXBuildFile; fileRef = D02E239A2C395E770054BFB3 /* Extensions.swift */; };
		D02E239D2C39631D0054BFB3 /* SearchViewModel.swift in Sources */ = {isa = PBXBuildFile; fileRef = D02E239C2C39631D0054BFB3 /* SearchViewModel.swift */; };
		D039EE952C32A0E10005B053 /* AppDelegate.swift in Sources */ = {isa = PBXBuildFile; fileRef = D039EE942C32A0E10005B053 /* AppDelegate.swift */; };
		D039EE972C32A0E10005B053 /* SceneDelegate.swift in Sources */ = {isa = PBXBuildFile; fileRef = D039EE962C32A0E10005B053 /* SceneDelegate.swift */; };
		D039EE992C32A0E10005B053 /* HomeController.swift in Sources */ = {isa = PBXBuildFile; fileRef = D039EE982C32A0E10005B053 /* HomeController.swift */; };
		D039EE9E2C32A0E20005B053 /* Assets.xcassets in Resources */ = {isa = PBXBuildFile; fileRef = D039EE9D2C32A0E20005B053 /* Assets.xcassets */; };
		D039EEA12C32A0E20005B053 /* LaunchScreen.storyboard in Resources */ = {isa = PBXBuildFile; fileRef = D039EE9F2C32A0E20005B053 /* LaunchScreen.storyboard */; };
		D0456D9B2C3A76A00099C453 /* BaseViewController.swift in Sources */ = {isa = PBXBuildFile; fileRef = D0456D9A2C3A76A00099C453 /* BaseViewController.swift */; };
		D0456D9E2C3A9B540099C453 /* PersonDetailsViewController.swift in Sources */ = {isa = PBXBuildFile; fileRef = D0456D9D2C3A9B540099C453 /* PersonDetailsViewController.swift */; };
		D0456DA02C3A9BA80099C453 /* PersonDetailsViewModel.swift in Sources */ = {isa = PBXBuildFile; fileRef = D0456D9F2C3A9BA80099C453 /* PersonDetailsViewModel.swift */; };
		D0456DA42C3AA8660099C453 /* PersonResponseModel.swift in Sources */ = {isa = PBXBuildFile; fileRef = D0456DA32C3AA8660099C453 /* PersonResponseModel.swift */; };
		D0543DC32C38600100EFB1CC /* EmptyListMessageView.swift in Sources */ = {isa = PBXBuildFile; fileRef = D0543DC22C38600100EFB1CC /* EmptyListMessageView.swift */; };
		D0543DC72C386AC700EFB1CC /* FavoriteModel.swift in Sources */ = {isa = PBXBuildFile; fileRef = D0543DC62C386AC700EFB1CC /* FavoriteModel.swift */; };
		D0543DCB2C386BCC00EFB1CC /* Typography.swift in Sources */ = {isa = PBXBuildFile; fileRef = D0543DCA2C386BCC00EFB1CC /* Typography.swift */; };
		D066BD8A2C3714AB00ED904D /* GeneralInfoView.swift in Sources */ = {isa = PBXBuildFile; fileRef = D066BD892C3714AB00ED904D /* GeneralInfoView.swift */; };
		D066BD8C2C371FE200ED904D /* DetailsModel.swift in Sources */ = {isa = PBXBuildFile; fileRef = D066BD8B2C371FE200ED904D /* DetailsModel.swift */; };
		D066BD8E2C371FF500ED904D /* DetailsViewModel.swift in Sources */ = {isa = PBXBuildFile; fileRef = D066BD8D2C371FF500ED904D /* DetailsViewModel.swift */; };
		D066BD902C3721E400ED904D /* MovieDescriptionView.swift in Sources */ = {isa = PBXBuildFile; fileRef = D066BD8F2C3721E400ED904D /* MovieDescriptionView.swift */; };
		D06D84352C35BB1600AD9920 /* HomeViewModel.swift in Sources */ = {isa = PBXBuildFile; fileRef = D06D84342C35BB1600AD9920 /* HomeViewModel.swift */; };
		D06D84372C35CA0C00AD9920 /* IconLabelView.swift in Sources */ = {isa = PBXBuildFile; fileRef = D06D84362C35CA0C00AD9920 /* IconLabelView.swift */; };
		D06D84412C35E55F00AD9920 /* Poppins-Regular.ttf in Resources */ = {isa = PBXBuildFile; fileRef = D06D843E2C35E55F00AD9920 /* Poppins-Regular.ttf */; };
		D06D84422C35E55F00AD9920 /* Poppins-SemiBold.ttf in Resources */ = {isa = PBXBuildFile; fileRef = D06D843F2C35E55F00AD9920 /* Poppins-SemiBold.ttf */; };
		D06D84432C35E55F00AD9920 /* Poppins-Medium.ttf in Resources */ = {isa = PBXBuildFile; fileRef = D06D84402C35E55F00AD9920 /* Poppins-Medium.ttf */; };
		D08AFD352C348B79005EEC9D /* MovieDetailsController.swift in Sources */ = {isa = PBXBuildFile; fileRef = D08AFD342C348B79005EEC9D /* MovieDetailsController.swift */; };
		D0C06FA22C3805A9003241CA /* FavouritesManager.swift in Sources */ = {isa = PBXBuildFile; fileRef = D0C06FA12C3805A9003241CA /* FavouritesManager.swift */; };
		D0C06FA42C383DC7003241CA /* FavouritesViewModel.swift in Sources */ = {isa = PBXBuildFile; fileRef = D0C06FA32C383DC7003241CA /* FavouritesViewModel.swift */; };
		D0C5CB912C352EDC00B00E36 /* CoverView.swift in Sources */ = {isa = PBXBuildFile; fileRef = D0C5CB902C352EDC00B00E36 /* CoverView.swift */; };
		D0C5CB932C35425100B00E36 /* MovieTitleView.swift in Sources */ = {isa = PBXBuildFile; fileRef = D0C5CB922C35425100B00E36 /* MovieTitleView.swift */; };
		D0D7BA982C398FEE00B16F57 /* SearchTableViewCell.swift in Sources */ = {isa = PBXBuildFile; fileRef = D0D7BA972C398FEE00B16F57 /* SearchTableViewCell.swift */; };
		D0ECEF6C2C32EC240098A15D /* SearchController.swift in Sources */ = {isa = PBXBuildFile; fileRef = D0ECEF6B2C32EC240098A15D /* SearchController.swift */; };
		D0ECEF6E2C32ED0C0098A15D /* FavouritesController.swift in Sources */ = {isa = PBXBuildFile; fileRef = D0ECEF6D2C32ED0C0098A15D /* FavouritesController.swift */; };
/* End PBXBuildFile section */

/* Begin PBXFileReference section */
		D000B1692C34532B000F70F3 /* NetworkService.swift */ = {isa = PBXFileReference; lastKnownFileType = sourcecode.swift; path = NetworkService.swift; sourceTree = "<group>"; };
		D000B16B2C345481000F70F3 /* ResponseModel.swift */ = {isa = PBXFileReference; lastKnownFileType = sourcecode.swift; path = ResponseModel.swift; sourceTree = "<group>"; };
		D01142472C333B1600B8587B /* MovieCollectionViewCell.swift */ = {isa = PBXFileReference; lastKnownFileType = sourcecode.swift; path = MovieCollectionViewCell.swift; sourceTree = "<group>"; };
		D01142492C333C7B00B8587B /* PageTitle.swift */ = {isa = PBXFileReference; lastKnownFileType = sourcecode.swift; path = PageTitle.swift; sourceTree = "<group>"; };
		D02E23942C3949810054BFB3 /* SearchBar.swift */ = {isa = PBXFileReference; lastKnownFileType = sourcecode.swift; path = SearchBar.swift; sourceTree = "<group>"; };
		D02E23972C395BF50054BFB3 /* Debouncer.swift */ = {isa = PBXFileReference; lastKnownFileType = sourcecode.swift; path = Debouncer.swift; sourceTree = "<group>"; };
		D02E239A2C395E770054BFB3 /* Extensions.swift */ = {isa = PBXFileReference; lastKnownFileType = sourcecode.swift; path = Extensions.swift; sourceTree = "<group>"; };
		D02E239C2C39631D0054BFB3 /* SearchViewModel.swift */ = {isa = PBXFileReference; lastKnownFileType = sourcecode.swift; path = SearchViewModel.swift; sourceTree = "<group>"; };
		D039EE912C32A0E10005B053 /* Movies-app.app */ = {isa = PBXFileReference; explicitFileType = wrapper.application; includeInIndex = 0; path = "Movies-app.app"; sourceTree = BUILT_PRODUCTS_DIR; };
		D039EE942C32A0E10005B053 /* AppDelegate.swift */ = {isa = PBXFileReference; lastKnownFileType = sourcecode.swift; path = AppDelegate.swift; sourceTree = "<group>"; };
		D039EE962C32A0E10005B053 /* SceneDelegate.swift */ = {isa = PBXFileReference; lastKnownFileType = sourcecode.swift; path = SceneDelegate.swift; sourceTree = "<group>"; };
		D039EE982C32A0E10005B053 /* HomeController.swift */ = {isa = PBXFileReference; lastKnownFileType = sourcecode.swift; path = HomeController.swift; sourceTree = "<group>"; };
		D039EE9D2C32A0E20005B053 /* Assets.xcassets */ = {isa = PBXFileReference; lastKnownFileType = folder.assetcatalog; path = Assets.xcassets; sourceTree = "<group>"; };
		D039EEA02C32A0E20005B053 /* Base */ = {isa = PBXFileReference; lastKnownFileType = file.storyboard; name = Base; path = Base.lproj/LaunchScreen.storyboard; sourceTree = "<group>"; };
		D039EEA22C32A0E20005B053 /* Info.plist */ = {isa = PBXFileReference; lastKnownFileType = text.plist.xml; path = Info.plist; sourceTree = "<group>"; };
		D0456D9A2C3A76A00099C453 /* BaseViewController.swift */ = {isa = PBXFileReference; lastKnownFileType = sourcecode.swift; path = BaseViewController.swift; sourceTree = "<group>"; };
		D0456D9D2C3A9B540099C453 /* PersonDetailsViewController.swift */ = {isa = PBXFileReference; lastKnownFileType = sourcecode.swift; path = PersonDetailsViewController.swift; sourceTree = "<group>"; };
		D0456D9F2C3A9BA80099C453 /* PersonDetailsViewModel.swift */ = {isa = PBXFileReference; lastKnownFileType = sourcecode.swift; path = PersonDetailsViewModel.swift; sourceTree = "<group>"; };
		D0456DA32C3AA8660099C453 /* PersonResponseModel.swift */ = {isa = PBXFileReference; lastKnownFileType = sourcecode.swift; path = PersonResponseModel.swift; sourceTree = "<group>"; };
		D0543DC22C38600100EFB1CC /* EmptyListMessageView.swift */ = {isa = PBXFileReference; lastKnownFileType = sourcecode.swift; path = EmptyListMessageView.swift; sourceTree = "<group>"; };
		D0543DC62C386AC700EFB1CC /* FavoriteModel.swift */ = {isa = PBXFileReference; lastKnownFileType = sourcecode.swift; path = FavoriteModel.swift; sourceTree = "<group>"; };
		D0543DCA2C386BCC00EFB1CC /* Typography.swift */ = {isa = PBXFileReference; lastKnownFileType = sourcecode.swift; path = Typography.swift; sourceTree = "<group>"; };
		D066BD892C3714AB00ED904D /* GeneralInfoView.swift */ = {isa = PBXFileReference; lastKnownFileType = sourcecode.swift; path = GeneralInfoView.swift; sourceTree = "<group>"; };
		D066BD8B2C371FE200ED904D /* DetailsModel.swift */ = {isa = PBXFileReference; lastKnownFileType = sourcecode.swift; path = DetailsModel.swift; sourceTree = "<group>"; };
		D066BD8D2C371FF500ED904D /* DetailsViewModel.swift */ = {isa = PBXFileReference; lastKnownFileType = sourcecode.swift; path = DetailsViewModel.swift; sourceTree = "<group>"; };
		D066BD8F2C3721E400ED904D /* MovieDescriptionView.swift */ = {isa = PBXFileReference; lastKnownFileType = sourcecode.swift; path = MovieDescriptionView.swift; sourceTree = "<group>"; };
		D06D84342C35BB1600AD9920 /* HomeViewModel.swift */ = {isa = PBXFileReference; lastKnownFileType = sourcecode.swift; path = HomeViewModel.swift; sourceTree = "<group>"; };
		D06D84362C35CA0C00AD9920 /* IconLabelView.swift */ = {isa = PBXFileReference; lastKnownFileType = sourcecode.swift; path = IconLabelView.swift; sourceTree = "<group>"; };
		D06D843E2C35E55F00AD9920 /* Poppins-Regular.ttf */ = {isa = PBXFileReference; lastKnownFileType = file; path = "Poppins-Regular.ttf"; sourceTree = "<group>"; };
		D06D843F2C35E55F00AD9920 /* Poppins-SemiBold.ttf */ = {isa = PBXFileReference; lastKnownFileType = file; path = "Poppins-SemiBold.ttf"; sourceTree = "<group>"; };
		D06D84402C35E55F00AD9920 /* Poppins-Medium.ttf */ = {isa = PBXFileReference; lastKnownFileType = file; path = "Poppins-Medium.ttf"; sourceTree = "<group>"; };
		D08AFD342C348B79005EEC9D /* MovieDetailsController.swift */ = {isa = PBXFileReference; lastKnownFileType = sourcecode.swift; path = MovieDetailsController.swift; sourceTree = "<group>"; };
		D0C06FA12C3805A9003241CA /* FavouritesManager.swift */ = {isa = PBXFileReference; lastKnownFileType = sourcecode.swift; path = FavouritesManager.swift; sourceTree = "<group>"; };
		D0C06FA32C383DC7003241CA /* FavouritesViewModel.swift */ = {isa = PBXFileReference; lastKnownFileType = sourcecode.swift; path = FavouritesViewModel.swift; sourceTree = "<group>"; };
		D0C5CB902C352EDC00B00E36 /* CoverView.swift */ = {isa = PBXFileReference; lastKnownFileType = sourcecode.swift; path = CoverView.swift; sourceTree = "<group>"; };
		D0C5CB922C35425100B00E36 /* MovieTitleView.swift */ = {isa = PBXFileReference; lastKnownFileType = sourcecode.swift; path = MovieTitleView.swift; sourceTree = "<group>"; };
		D0D7BA972C398FEE00B16F57 /* SearchTableViewCell.swift */ = {isa = PBXFileReference; lastKnownFileType = sourcecode.swift; path = SearchTableViewCell.swift; sourceTree = "<group>"; };
		D0ECEF6B2C32EC240098A15D /* SearchController.swift */ = {isa = PBXFileReference; lastKnownFileType = sourcecode.swift; path = SearchController.swift; sourceTree = "<group>"; };
		D0ECEF6D2C32ED0C0098A15D /* FavouritesController.swift */ = {isa = PBXFileReference; lastKnownFileType = sourcecode.swift; path = FavouritesController.swift; sourceTree = "<group>"; };
/* End PBXFileReference section */

/* Begin PBXFrameworksBuildPhase section */
		D039EE8E2C32A0E10005B053 /* Frameworks */ = {
			isa = PBXFrameworksBuildPhase;
			buildActionMask = 2147483647;
			files = (
			);
			runOnlyForDeploymentPostprocessing = 0;
		};
/* End PBXFrameworksBuildPhase section */

/* Begin PBXGroup section */
		D000B1682C34531B000F70F3 /* Core */ = {
			isa = PBXGroup;
			children = (
				D0543DC92C386BAC00EFB1CC /* Typography */,
				D02E23992C395E560054BFB3 /* Extensions */,
				D02E23962C395BDE0054BFB3 /* Debouncer */,
				D0543DC82C386B4200EFB1CC /* StoreManager */,
				D0543DC52C386AA800EFB1CC /* Models */,
				D0543DC42C386A9900EFB1CC /* NetworkService */,
			);
			path = Core;
			sourceTree = "<group>";
		};
		D01142412C3333A100B8587B /* Home */ = {
			isa = PBXGroup;
			children = (
				D039EE982C32A0E10005B053 /* HomeController.swift */,
				D06D84342C35BB1600AD9920 /* HomeViewModel.swift */,
			);
			path = Home;
			sourceTree = "<group>";
		};
		D01142422C3333A700B8587B /* Search */ = {
			isa = PBXGroup;
			children = (
				D0ECEF6B2C32EC240098A15D /* SearchController.swift */,
				D02E239C2C39631D0054BFB3 /* SearchViewModel.swift */,
				D02E23932C3949480054BFB3 /* Components */,
			);
			path = Search;
			sourceTree = "<group>";
		};
		D01142432C3333AD00B8587B /* Favourites */ = {
			isa = PBXGroup;
			children = (
				D0ECEF6D2C32ED0C0098A15D /* FavouritesController.swift */,
				D0C06FA32C383DC7003241CA /* FavouritesViewModel.swift */,
			);
			path = Favourites;
			sourceTree = "<group>";
		};
		D01142442C3336FB00B8587B /* SharedComponents */ = {
			isa = PBXGroup;
			children = (
				D01142472C333B1600B8587B /* MovieCollectionViewCell.swift */,
				D06D84362C35CA0C00AD9920 /* IconLabelView.swift */,
				D01142492C333C7B00B8587B /* PageTitle.swift */,
				D0D7BA972C398FEE00B16F57 /* SearchTableViewCell.swift */,
				D0543DC22C38600100EFB1CC /* EmptyListMessageView.swift */,
			);
			path = SharedComponents;
			sourceTree = "<group>";
		};
		D02E23932C3949480054BFB3 /* Components */ = {
			isa = PBXGroup;
			children = (
				D0456DA12C3AA7900099C453 /* SearchBar */,
			);
			path = Components;
			sourceTree = "<group>";
		};
		D02E23962C395BDE0054BFB3 /* Debouncer */ = {
			isa = PBXGroup;
			children = (
				D02E23972C395BF50054BFB3 /* Debouncer.swift */,
			);
			path = Debouncer;
			sourceTree = "<group>";
		};
		D02E23992C395E560054BFB3 /* Extensions */ = {
			isa = PBXGroup;
			children = (
				D02E239A2C395E770054BFB3 /* Extensions.swift */,
			);
			path = Extensions;
			sourceTree = "<group>";
		};
		D039EE882C32A0E10005B053 = {
			isa = PBXGroup;
			children = (
				D039EE932C32A0E10005B053 /* Movies-app */,
				D039EE922C32A0E10005B053 /* Products */,
			);
			sourceTree = "<group>";
		};
		D039EE922C32A0E10005B053 /* Products */ = {
			isa = PBXGroup;
			children = (
				D039EE912C32A0E10005B053 /* Movies-app.app */,
			);
			name = Products;
			sourceTree = "<group>";
		};
		D039EE932C32A0E10005B053 /* Movies-app */ = {
			isa = PBXGroup;
			children = (
				D0456D992C3A76470099C453 /* BaseViewController */,
				D01142412C3333A100B8587B /* Home */,
				D01142422C3333A700B8587B /* Search */,
				D01142432C3333AD00B8587B /* Favourites */,
				D08AFD332C348B50005EEC9D /* MovieDetails */,
				D0456D9C2C3A9AFF0099C453 /* PersonDetails */,
				D01142442C3336FB00B8587B /* SharedComponents */,
				D000B1682C34531B000F70F3 /* Core */,
				D039EE942C32A0E10005B053 /* AppDelegate.swift */,
				D039EE962C32A0E10005B053 /* SceneDelegate.swift */,
				D039EE9D2C32A0E20005B053 /* Assets.xcassets */,
				D039EE9F2C32A0E20005B053 /* LaunchScreen.storyboard */,
				D039EEA22C32A0E20005B053 /* Info.plist */,
			);
			path = "Movies-app";
			sourceTree = "<group>";
		};
		D0456D992C3A76470099C453 /* BaseViewController */ = {
			isa = PBXGroup;
			children = (
				D0456D9A2C3A76A00099C453 /* BaseViewController.swift */,
			);
			path = BaseViewController;
			sourceTree = "<group>";
		};
		D0456D9C2C3A9AFF0099C453 /* PersonDetails */ = {
			isa = PBXGroup;
			children = (
				D0456D9D2C3A9B540099C453 /* PersonDetailsViewController.swift */,
				D0456D9F2C3A9BA80099C453 /* PersonDetailsViewModel.swift */,
			);
			path = PersonDetails;
			sourceTree = "<group>";
		};
		D0456DA12C3AA7900099C453 /* SearchBar */ = {
			isa = PBXGroup;
			children = (
				D02E23942C3949810054BFB3 /* SearchBar.swift */,
			);
			path = SearchBar;
			sourceTree = "<group>";
		};
		D0543DC42C386A9900EFB1CC /* NetworkService */ = {
			isa = PBXGroup;
			children = (
				D000B1692C34532B000F70F3 /* NetworkService.swift */,
			);
			path = NetworkService;
			sourceTree = "<group>";
		};
		D0543DC52C386AA800EFB1CC /* Models */ = {
			isa = PBXGroup;
			children = (
				D000B16B2C345481000F70F3 /* ResponseModel.swift */,
				D066BD8B2C371FE200ED904D /* DetailsModel.swift */,
				D0543DC62C386AC700EFB1CC /* FavoriteModel.swift */,
				D0456DA32C3AA8660099C453 /* PersonResponseModel.swift */,
			);
			path = Models;
			sourceTree = "<group>";
		};
		D0543DC82C386B4200EFB1CC /* StoreManager */ = {
			isa = PBXGroup;
			children = (
				D0C06FA12C3805A9003241CA /* FavouritesManager.swift */,
			);
			path = StoreManager;
			sourceTree = "<group>";
		};
		D0543DC92C386BAC00EFB1CC /* Typography */ = {
			isa = PBXGroup;
			children = (
				D06D84442C35E59A00AD9920 /* Fonts */,
				D0543DCA2C386BCC00EFB1CC /* Typography.swift */,
			);
			path = Typography;
			sourceTree = "<group>";
		};
		D06D84442C35E59A00AD9920 /* Fonts */ = {
			isa = PBXGroup;
			children = (
				D06D843E2C35E55F00AD9920 /* Poppins-Regular.ttf */,
				D06D84402C35E55F00AD9920 /* Poppins-Medium.ttf */,
				D06D843F2C35E55F00AD9920 /* Poppins-SemiBold.ttf */,
			);
			path = Fonts;
			sourceTree = "<group>";
		};
		D08AFD332C348B50005EEC9D /* MovieDetails */ = {
			isa = PBXGroup;
			children = (
				D08AFD342C348B79005EEC9D /* MovieDetailsController.swift */,
				D066BD8D2C371FF500ED904D /* DetailsViewModel.swift */,
				D0C5CB8F2C352ECA00B00E36 /* Components */,
			);
			path = MovieDetails;
			sourceTree = "<group>";
		};
		D0C5CB8F2C352ECA00B00E36 /* Components */ = {
			isa = PBXGroup;
			children = (
				D0C5CB902C352EDC00B00E36 /* CoverView.swift */,
				D0C5CB922C35425100B00E36 /* MovieTitleView.swift */,
				D066BD892C3714AB00ED904D /* GeneralInfoView.swift */,
				D066BD8F2C3721E400ED904D /* MovieDescriptionView.swift */,
			);
			path = Components;
			sourceTree = "<group>";
		};
/* End PBXGroup section */

/* Begin PBXNativeTarget section */
		D039EE902C32A0E10005B053 /* Movies-app */ = {
			isa = PBXNativeTarget;
			buildConfigurationList = D039EEA52C32A0E20005B053 /* Build configuration list for PBXNativeTarget "Movies-app" */;
			buildPhases = (
				D039EE8D2C32A0E10005B053 /* Sources */,
				D039EE8E2C32A0E10005B053 /* Frameworks */,
				D039EE8F2C32A0E10005B053 /* Resources */,
			);
			buildRules = (
			);
			dependencies = (
			);
			name = "Movies-app";
			productName = "Movies-app";
			productReference = D039EE912C32A0E10005B053 /* Movies-app.app */;
			productType = "com.apple.product-type.application";
		};
/* End PBXNativeTarget section */

/* Begin PBXProject section */
		D039EE892C32A0E10005B053 /* Project object */ = {
			isa = PBXProject;
			attributes = {
				BuildIndependentTargetsInParallel = 1;
				LastSwiftUpdateCheck = 1500;
				LastUpgradeCheck = 1500;
				TargetAttributes = {
					D039EE902C32A0E10005B053 = {
						CreatedOnToolsVersion = 15.0;
					};
				};
			};
			buildConfigurationList = D039EE8C2C32A0E10005B053 /* Build configuration list for PBXProject "Movies-app" */;
			compatibilityVersion = "Xcode 14.0";
			developmentRegion = en;
			hasScannedForEncodings = 0;
			knownRegions = (
				en,
				Base,
			);
			mainGroup = D039EE882C32A0E10005B053;
			productRefGroup = D039EE922C32A0E10005B053 /* Products */;
			projectDirPath = "";
			projectRoot = "";
			targets = (
				D039EE902C32A0E10005B053 /* Movies-app */,
			);
		};
/* End PBXProject section */

/* Begin PBXResourcesBuildPhase section */
		D039EE8F2C32A0E10005B053 /* Resources */ = {
			isa = PBXResourcesBuildPhase;
			buildActionMask = 2147483647;
			files = (
				D06D84412C35E55F00AD9920 /* Poppins-Regular.ttf in Resources */,
				D06D84422C35E55F00AD9920 /* Poppins-SemiBold.ttf in Resources */,
				D039EEA12C32A0E20005B053 /* LaunchScreen.storyboard in Resources */,
				D039EE9E2C32A0E20005B053 /* Assets.xcassets in Resources */,
				D06D84432C35E55F00AD9920 /* Poppins-Medium.ttf in Resources */,
			);
			runOnlyForDeploymentPostprocessing = 0;
		};
/* End PBXResourcesBuildPhase section */

/* Begin PBXSourcesBuildPhase section */
		D039EE8D2C32A0E10005B053 /* Sources */ = {
			isa = PBXSourcesBuildPhase;
			buildActionMask = 2147483647;
			files = (
				D02E23982C395BF50054BFB3 /* Debouncer.swift in Sources */,
				D0C06FA42C383DC7003241CA /* FavouritesViewModel.swift in Sources */,
				D06D84372C35CA0C00AD9920 /* IconLabelView.swift in Sources */,
				D039EE992C32A0E10005B053 /* HomeController.swift in Sources */,
				D066BD902C3721E400ED904D /* MovieDescriptionView.swift in Sources */,
				D0456DA02C3A9BA80099C453 /* PersonDetailsViewModel.swift in Sources */,
				D000B16C2C345481000F70F3 /* ResponseModel.swift in Sources */,
				D02E23952C3949810054BFB3 /* SearchBar.swift in Sources */,
				D0ECEF6E2C32ED0C0098A15D /* FavouritesController.swift in Sources */,
				D066BD8C2C371FE200ED904D /* DetailsModel.swift in Sources */,
				D0543DC32C38600100EFB1CC /* EmptyListMessageView.swift in Sources */,
				D0456DA42C3AA8660099C453 /* PersonResponseModel.swift in Sources */,
				D000B16A2C34532B000F70F3 /* NetworkService.swift in Sources */,
				D0543DC72C386AC700EFB1CC /* FavoriteModel.swift in Sources */,
				D066BD8A2C3714AB00ED904D /* GeneralInfoView.swift in Sources */,
				D0D7BA982C398FEE00B16F57 /* SearchTableViewCell.swift in Sources */,
				D0C5CB932C35425100B00E36 /* MovieTitleView.swift in Sources */,
				D0ECEF6C2C32EC240098A15D /* SearchController.swift in Sources */,
				D01142482C333B1600B8587B /* MovieCollectionViewCell.swift in Sources */,
				D039EE952C32A0E10005B053 /* AppDelegate.swift in Sources */,
				D066BD8E2C371FF500ED904D /* DetailsViewModel.swift in Sources */,
				D06D84352C35BB1600AD9920 /* HomeViewModel.swift in Sources */,
				D0456D9E2C3A9B540099C453 /* PersonDetailsViewController.swift in Sources */,
				D08AFD352C348B79005EEC9D /* MovieDetailsController.swift in Sources */,
				D011424A2C333C7B00B8587B /* PageTitle.swift in Sources */,
				D02E239B2C395E770054BFB3 /* Extensions.swift in Sources */,
				D0543DCB2C386BCC00EFB1CC /* Typography.swift in Sources */,
				D039EE972C32A0E10005B053 /* SceneDelegate.swift in Sources */,
				D02E239D2C39631D0054BFB3 /* SearchViewModel.swift in Sources */,
				D0C06FA22C3805A9003241CA /* FavouritesManager.swift in Sources */,
				D0C5CB912C352EDC00B00E36 /* CoverView.swift in Sources */,
				D0456D9B2C3A76A00099C453 /* BaseViewController.swift in Sources */,
			);
			runOnlyForDeploymentPostprocessing = 0;
		};
/* End PBXSourcesBuildPhase section */

/* Begin PBXVariantGroup section */
		D039EE9F2C32A0E20005B053 /* LaunchScreen.storyboard */ = {
			isa = PBXVariantGroup;
			children = (
				D039EEA02C32A0E20005B053 /* Base */,
			);
			name = LaunchScreen.storyboard;
			sourceTree = "<group>";
		};
/* End PBXVariantGroup section */

/* Begin XCBuildConfiguration section */
		D039EEA32C32A0E20005B053 /* Debug */ = {
			isa = XCBuildConfiguration;
			buildSettings = {
				ALWAYS_SEARCH_USER_PATHS = NO;
				ASSETCATALOG_COMPILER_GENERATE_SWIFT_ASSET_SYMBOL_EXTENSIONS = YES;
				CLANG_ANALYZER_NONNULL = YES;
				CLANG_ANALYZER_NUMBER_OBJECT_CONVERSION = YES_AGGRESSIVE;
				CLANG_CXX_LANGUAGE_STANDARD = "gnu++20";
				CLANG_ENABLE_MODULES = YES;
				CLANG_ENABLE_OBJC_ARC = YES;
				CLANG_ENABLE_OBJC_WEAK = YES;
				CLANG_WARN_BLOCK_CAPTURE_AUTORELEASING = YES;
				CLANG_WARN_BOOL_CONVERSION = YES;
				CLANG_WARN_COMMA = YES;
				CLANG_WARN_CONSTANT_CONVERSION = YES;
				CLANG_WARN_DEPRECATED_OBJC_IMPLEMENTATIONS = YES;
				CLANG_WARN_DIRECT_OBJC_ISA_USAGE = YES_ERROR;
				CLANG_WARN_DOCUMENTATION_COMMENTS = YES;
				CLANG_WARN_EMPTY_BODY = YES;
				CLANG_WARN_ENUM_CONVERSION = YES;
				CLANG_WARN_INFINITE_RECURSION = YES;
				CLANG_WARN_INT_CONVERSION = YES;
				CLANG_WARN_NON_LITERAL_NULL_CONVERSION = YES;
				CLANG_WARN_OBJC_IMPLICIT_RETAIN_SELF = YES;
				CLANG_WARN_OBJC_LITERAL_CONVERSION = YES;
				CLANG_WARN_OBJC_ROOT_CLASS = YES_ERROR;
				CLANG_WARN_QUOTED_INCLUDE_IN_FRAMEWORK_HEADER = YES;
				CLANG_WARN_RANGE_LOOP_ANALYSIS = YES;
				CLANG_WARN_STRICT_PROTOTYPES = YES;
				CLANG_WARN_SUSPICIOUS_MOVE = YES;
				CLANG_WARN_UNGUARDED_AVAILABILITY = YES_AGGRESSIVE;
				CLANG_WARN_UNREACHABLE_CODE = YES;
				CLANG_WARN__DUPLICATE_METHOD_MATCH = YES;
				COPY_PHASE_STRIP = NO;
				DEBUG_INFORMATION_FORMAT = dwarf;
				ENABLE_STRICT_OBJC_MSGSEND = YES;
				ENABLE_TESTABILITY = YES;
				ENABLE_USER_SCRIPT_SANDBOXING = YES;
				GCC_C_LANGUAGE_STANDARD = gnu17;
				GCC_DYNAMIC_NO_PIC = NO;
				GCC_NO_COMMON_BLOCKS = YES;
				GCC_OPTIMIZATION_LEVEL = 0;
				GCC_PREPROCESSOR_DEFINITIONS = (
					"DEBUG=1",
					"$(inherited)",
				);
				GCC_WARN_64_TO_32_BIT_CONVERSION = YES;
				GCC_WARN_ABOUT_RETURN_TYPE = YES_ERROR;
				GCC_WARN_UNDECLARED_SELECTOR = YES;
				GCC_WARN_UNINITIALIZED_AUTOS = YES_AGGRESSIVE;
				GCC_WARN_UNUSED_FUNCTION = YES;
				GCC_WARN_UNUSED_VARIABLE = YES;
				IPHONEOS_DEPLOYMENT_TARGET = 17.0;
				LOCALIZATION_PREFERS_STRING_CATALOGS = YES;
				MTL_ENABLE_DEBUG_INFO = INCLUDE_SOURCE;
				MTL_FAST_MATH = YES;
				ONLY_ACTIVE_ARCH = YES;
				SDKROOT = iphoneos;
				SWIFT_ACTIVE_COMPILATION_CONDITIONS = "DEBUG $(inherited)";
				SWIFT_OPTIMIZATION_LEVEL = "-Onone";
			};
			name = Debug;
		};
		D039EEA42C32A0E20005B053 /* Release */ = {
			isa = XCBuildConfiguration;
			buildSettings = {
				ALWAYS_SEARCH_USER_PATHS = NO;
				ASSETCATALOG_COMPILER_GENERATE_SWIFT_ASSET_SYMBOL_EXTENSIONS = YES;
				CLANG_ANALYZER_NONNULL = YES;
				CLANG_ANALYZER_NUMBER_OBJECT_CONVERSION = YES_AGGRESSIVE;
				CLANG_CXX_LANGUAGE_STANDARD = "gnu++20";
				CLANG_ENABLE_MODULES = YES;
				CLANG_ENABLE_OBJC_ARC = YES;
				CLANG_ENABLE_OBJC_WEAK = YES;
				CLANG_WARN_BLOCK_CAPTURE_AUTORELEASING = YES;
				CLANG_WARN_BOOL_CONVERSION = YES;
				CLANG_WARN_COMMA = YES;
				CLANG_WARN_CONSTANT_CONVERSION = YES;
				CLANG_WARN_DEPRECATED_OBJC_IMPLEMENTATIONS = YES;
				CLANG_WARN_DIRECT_OBJC_ISA_USAGE = YES_ERROR;
				CLANG_WARN_DOCUMENTATION_COMMENTS = YES;
				CLANG_WARN_EMPTY_BODY = YES;
				CLANG_WARN_ENUM_CONVERSION = YES;
				CLANG_WARN_INFINITE_RECURSION = YES;
				CLANG_WARN_INT_CONVERSION = YES;
				CLANG_WARN_NON_LITERAL_NULL_CONVERSION = YES;
				CLANG_WARN_OBJC_IMPLICIT_RETAIN_SELF = YES;
				CLANG_WARN_OBJC_LITERAL_CONVERSION = YES;
				CLANG_WARN_OBJC_ROOT_CLASS = YES_ERROR;
				CLANG_WARN_QUOTED_INCLUDE_IN_FRAMEWORK_HEADER = YES;
				CLANG_WARN_RANGE_LOOP_ANALYSIS = YES;
				CLANG_WARN_STRICT_PROTOTYPES = YES;
				CLANG_WARN_SUSPICIOUS_MOVE = YES;
				CLANG_WARN_UNGUARDED_AVAILABILITY = YES_AGGRESSIVE;
				CLANG_WARN_UNREACHABLE_CODE = YES;
				CLANG_WARN__DUPLICATE_METHOD_MATCH = YES;
				COPY_PHASE_STRIP = NO;
				DEBUG_INFORMATION_FORMAT = "dwarf-with-dsym";
				ENABLE_NS_ASSERTIONS = NO;
				ENABLE_STRICT_OBJC_MSGSEND = YES;
				ENABLE_USER_SCRIPT_SANDBOXING = YES;
				GCC_C_LANGUAGE_STANDARD = gnu17;
				GCC_NO_COMMON_BLOCKS = YES;
				GCC_WARN_64_TO_32_BIT_CONVERSION = YES;
				GCC_WARN_ABOUT_RETURN_TYPE = YES_ERROR;
				GCC_WARN_UNDECLARED_SELECTOR = YES;
				GCC_WARN_UNINITIALIZED_AUTOS = YES_AGGRESSIVE;
				GCC_WARN_UNUSED_FUNCTION = YES;
				GCC_WARN_UNUSED_VARIABLE = YES;
				IPHONEOS_DEPLOYMENT_TARGET = 17.0;
				LOCALIZATION_PREFERS_STRING_CATALOGS = YES;
				MTL_ENABLE_DEBUG_INFO = NO;
				MTL_FAST_MATH = YES;
				SDKROOT = iphoneos;
				SWIFT_COMPILATION_MODE = wholemodule;
				VALIDATE_PRODUCT = YES;
			};
			name = Release;
		};
		D039EEA62C32A0E20005B053 /* Debug */ = {
			isa = XCBuildConfiguration;
			buildSettings = {
				ASSETCATALOG_COMPILER_APPICON_NAME = AppIcon;
				ASSETCATALOG_COMPILER_GLOBAL_ACCENT_COLOR_NAME = AccentColor;
				CODE_SIGN_STYLE = Automatic;
				CURRENT_PROJECT_VERSION = 1;
				DEVELOPMENT_TEAM = S29F8MPSS8;
				GENERATE_INFOPLIST_FILE = YES;
				INFOPLIST_FILE = "Movies-app/Info.plist";
				INFOPLIST_KEY_UIApplicationSupportsIndirectInputEvents = YES;
				INFOPLIST_KEY_UILaunchStoryboardName = LaunchScreen;
				INFOPLIST_KEY_UIMainStoryboardFile = "";
				INFOPLIST_KEY_UISupportedInterfaceOrientations_iPad = "UIInterfaceOrientationPortrait UIInterfaceOrientationPortraitUpsideDown UIInterfaceOrientationLandscapeLeft UIInterfaceOrientationLandscapeRight";
				INFOPLIST_KEY_UISupportedInterfaceOrientations_iPhone = "UIInterfaceOrientationPortrait UIInterfaceOrientationLandscapeLeft UIInterfaceOrientationLandscapeRight";
				LD_RUNPATH_SEARCH_PATHS = (
					"$(inherited)",
					"@executable_path/Frameworks",
				);
				MARKETING_VERSION = 1.0;
				PRODUCT_BUNDLE_IDENTIFIER = "com.tatarella.Movies-app";
				PRODUCT_NAME = "$(TARGET_NAME)";
				SWIFT_EMIT_LOC_STRINGS = YES;
				SWIFT_VERSION = 5.0;
				TARGETED_DEVICE_FAMILY = "1,2";
			};
			name = Debug;
		};
		D039EEA72C32A0E20005B053 /* Release */ = {
			isa = XCBuildConfiguration;
			buildSettings = {
				ASSETCATALOG_COMPILER_APPICON_NAME = AppIcon;
				ASSETCATALOG_COMPILER_GLOBAL_ACCENT_COLOR_NAME = AccentColor;
				CODE_SIGN_STYLE = Automatic;
				CURRENT_PROJECT_VERSION = 1;
				DEVELOPMENT_TEAM = S29F8MPSS8;
				GENERATE_INFOPLIST_FILE = YES;
				INFOPLIST_FILE = "Movies-app/Info.plist";
				INFOPLIST_KEY_UIApplicationSupportsIndirectInputEvents = YES;
				INFOPLIST_KEY_UILaunchStoryboardName = LaunchScreen;
				INFOPLIST_KEY_UIMainStoryboardFile = "";
				INFOPLIST_KEY_UISupportedInterfaceOrientations_iPad = "UIInterfaceOrientationPortrait UIInterfaceOrientationPortraitUpsideDown UIInterfaceOrientationLandscapeLeft UIInterfaceOrientationLandscapeRight";
				INFOPLIST_KEY_UISupportedInterfaceOrientations_iPhone = "UIInterfaceOrientationPortrait UIInterfaceOrientationLandscapeLeft UIInterfaceOrientationLandscapeRight";
				LD_RUNPATH_SEARCH_PATHS = (
					"$(inherited)",
					"@executable_path/Frameworks",
				);
				MARKETING_VERSION = 1.0;
				PRODUCT_BUNDLE_IDENTIFIER = "com.tatarella.Movies-app";
				PRODUCT_NAME = "$(TARGET_NAME)";
				SWIFT_EMIT_LOC_STRINGS = YES;
				SWIFT_VERSION = 5.0;
				TARGETED_DEVICE_FAMILY = "1,2";
			};
			name = Release;
		};
/* End XCBuildConfiguration section */

/* Begin XCConfigurationList section */
		D039EE8C2C32A0E10005B053 /* Build configuration list for PBXProject "Movies-app" */ = {
			isa = XCConfigurationList;
			buildConfigurations = (
				D039EEA32C32A0E20005B053 /* Debug */,
				D039EEA42C32A0E20005B053 /* Release */,
			);
			defaultConfigurationIsVisible = 0;
			defaultConfigurationName = Release;
		};
		D039EEA52C32A0E20005B053 /* Build configuration list for PBXNativeTarget "Movies-app" */ = {
			isa = XCConfigurationList;
			buildConfigurations = (
				D039EEA62C32A0E20005B053 /* Debug */,
				D039EEA72C32A0E20005B053 /* Release */,
			);
			defaultConfigurationIsVisible = 0;
			defaultConfigurationName = Release;
		};
/* End XCConfigurationList section */
	};
	rootObject = D039EE892C32A0E10005B053 /* Project object */;
}
